// !$*UTF8*$!
{
	archiveVersion = 1;
	classes = {
	};
	objectVersion = 77;
	objects = {

/* Begin PBXBuildFile section */
		03D89916AF1CF0691BB0B6FB /* StepRowView.swift in Sources */ = {isa = PBXBuildFile; fileRef = 1C8BE73AC42934229155564A /* StepRowView.swift */; };
		08900F6991F02A43C569DDF4 /* CleanCore in Frameworks */ = {isa = PBXBuildFile; productRef = B0AE3ED04E1697D2D60C38DF /* CleanCore */; };
		0980BEA718F6AC9A78614779 /* CareCardModifier.swift in Sources */ = {isa = PBXBuildFile; fileRef = 99909B8A48785AADED1E723A /* CareCardModifier.swift */; };
		0B8EB0370E309D0D95DC67B3 /* SmartCareView.swift in Sources */ = {isa = PBXBuildFile; fileRef = 19C39CA1766D163871E0E7CE /* SmartCareView.swift */; };
		0F7066083A4CA069EBEFE499 /* UninstallerView.swift in Sources */ = {isa = PBXBuildFile; fileRef = C99BA9DCEA375A8537944594 /* UninstallerView.swift */; };
		119ABFBC2B48E424ABAE34FF /* MenuBarHelper.app in Resources */ = {isa = PBXBuildFile; fileRef = C43826BD2FA6A0D54664D89D /* MenuBarHelper.app */; settings = {ATTRIBUTES = (RemoveHeadersOnCopy, ); }; };
		12A18A19EEF8BE2ED712F44D /* QuarantineRecord.swift in Sources */ = {isa = PBXBuildFile; fileRef = 5325AAC4BF630C9A4707EB99 /* QuarantineRecord.swift */; };
		1B4936A4A6291F165CB9595D /* DashboardView.swift in Sources */ = {isa = PBXBuildFile; fileRef = 34D556598CDC035EE94F81C8 /* DashboardView.swift */; };
		1D06AB7F38F03BC556400EB7 /* ScanProgressTracker.swift in Sources */ = {isa = PBXBuildFile; fileRef = BC67E979C262C1B384952044 /* ScanProgressTracker.swift */; };
		1D3798F980BB1E4064A8BD92 /* AuroraCareScreenshotTests.swift in Sources */ = {isa = PBXBuildFile; fileRef = B59147E006B726F9138C2B12 /* AuroraCareScreenshotTests.swift */; };
		2773C6BA3401153349B7A752 /* AuroraBloomModifier.swift in Sources */ = {isa = PBXBuildFile; fileRef = BB172A55E6FDD2279F882CAE /* AuroraBloomModifier.swift */; };
		283D3A9E02E9DFF48AFB6210 /* HealthDialView.swift in Sources */ = {isa = PBXBuildFile; fileRef = 25FCCD11654F615F38FBC7AE /* HealthDialView.swift */; };
		29AC5FD388B0CFD5BBEE361C /* TreemapKit in Frameworks */ = {isa = PBXBuildFile; productRef = 35EB24D1CC05056D12B5D6DD /* TreemapKit */; };
		302D413F61D134A94F8799EF /* SidebarNavRow.swift in Sources */ = {isa = PBXBuildFile; fileRef = 68651E3F484F9D5B790F279C /* SidebarNavRow.swift */; };
		35F78EF4F974AD83A4552DD8 /* ScanProgressPanel.swift in Sources */ = {isa = PBXBuildFile; fileRef = 4F5B55EEB5382ACCBAD08487 /* ScanProgressPanel.swift */; };
		38E490DE64DB1DC787E4D64D /* ElevationModifier.swift in Sources */ = {isa = PBXBuildFile; fileRef = 73189B75ABC2BD11A9F61700 /* ElevationModifier.swift */; };
		3E38F672530103701AC5A976 /* PerformanceView.swift in Sources */ = {isa = PBXBuildFile; fileRef = FFABD43DC705D2ADFED69B24 /* PerformanceView.swift */; };
		3E60D9BD9B7CB5E0B6D9A6F9 /* PrivilegedHelper in Resources */ = {isa = PBXBuildFile; fileRef = 166E1A0591F7BDC42C0E7853 /* PrivilegedHelper */; settings = {ATTRIBUTES = (RemoveHeadersOnCopy, ); }; };
		3EF1CD052576C9A843228DF1 /* DuplicateFinderView.swift in Sources */ = {isa = PBXBuildFile; fileRef = 763ECBD32513F45F9539E313 /* DuplicateFinderView.swift */; };
		458707984EA6D611967423D8 /* CleanCore in Frameworks */ = {isa = PBXBuildFile; productRef = D75AB0EE0491BD829154298F /* CleanCore */; };
		47A95B1665E814CEB837631D /* IgnoredItem.swift in Sources */ = {isa = PBXBuildFile; fileRef = 565503C45E57F760D1ABCE61 /* IgnoredItem.swift */; };
		4E688FAFBD4C19198A4B7168 /* PerformanceViewModel.swift in Sources */ = {isa = PBXBuildFile; fileRef = D60AE4D0BE44E292519DD599 /* PerformanceViewModel.swift */; };
		505D9B11A9E68A53E981C804 /* StickyFooterView.swift in Sources */ = {isa = PBXBuildFile; fileRef = B8E6150D819C892387C01600 /* StickyFooterView.swift */; };
		524602F1BD6F72FD380E92A0 /* SpaceLensView.swift in Sources */ = {isa = PBXBuildFile; fileRef = 556CD64042D3F9B34D459D96 /* SpaceLensView.swift */; };
		5C3F87EDDE3FBF336E4F7040 /* ModuleCardView.swift in Sources */ = {isa = PBXBuildFile; fileRef = FEDD20C09B7740A9A836FD75 /* ModuleCardView.swift */; };
		6ABC1C18339FFC501B35A3AF /* UpdaterView.swift in Sources */ = {isa = PBXBuildFile; fileRef = 10DAA0AD06134B381646E567 /* UpdaterView.swift */; };
		6C83EF8ADCC68D145197246A /* PrivilegedHelperClient.swift in Sources */ = {isa = PBXBuildFile; fileRef = 9A34B85C63A2C70EA9CC995A /* PrivilegedHelperClient.swift */; };
		6DE0567BF263811BF9B5FAC0 /* SpaceLensViewModel.swift in Sources */ = {isa = PBXBuildFile; fileRef = 16FEC6E072C20E77D60A0C25 /* SpaceLensViewModel.swift */; };
		728C27220348DC8271916BB8 /* CloudCleanupView.swift in Sources */ = {isa = PBXBuildFile; fileRef = 3378D6B53CDCB0474385C0B8 /* CloudCleanupView.swift */; };
		74C7BE36C015752F317B82C5 /* UpdaterViewModel.swift in Sources */ = {isa = PBXBuildFile; fileRef = 7B273DE218A656524EA73BAF /* UpdaterViewModel.swift */; };
		77854C6493918A65D3F8873A /* CleanCore in Frameworks */ = {isa = PBXBuildFile; productRef = 89061E0DFCA37E66808CEF57 /* CleanCore */; };
		77C50036ABEC8F54C3F86362 /* ProtectionViewModel.swift in Sources */ = {isa = PBXBuildFile; fileRef = E80C73390FD3C0119541F076 /* ProtectionViewModel.swift */; };
		7812BF7A3831BCCE1307EA7E /* HelperXPCListenerDelegate.swift in Sources */ = {isa = PBXBuildFile; fileRef = FD7ECA1B33611E22001EF44C /* HelperXPCListenerDelegate.swift */; };
		78879E5A7BE2B8C2721395E8 /* Theme.swift in Sources */ = {isa = PBXBuildFile; fileRef = D78116D60A7591C3E1D1E111 /* Theme.swift */; };
		89A677FD9979FA784AE0C17A /* ASWebAuthSessionPresenter.swift in Sources */ = {isa = PBXBuildFile; fileRef = AEE74DC5C8E5A6D70E4BDB9E /* ASWebAuthSessionPresenter.swift */; };
		8A7D4331AFFDCB5D68F6FE3C /* JunkCleanerViewModel.swift in Sources */ = {isa = PBXBuildFile; fileRef = 09BAF8424C039491F5324208 /* JunkCleanerViewModel.swift */; };
		8CB197C5A6E43082A88B95AE /* HelperOperations.swift in Sources */ = {isa = PBXBuildFile; fileRef = AD009D570D83BC9D450F00E2 /* HelperOperations.swift */; };
		920A4CDCE15A91C7105AF525 /* TreemapCanvasView.swift in Sources */ = {isa = PBXBuildFile; fileRef = 169861D77A35617E7FED9E0A /* TreemapCanvasView.swift */; };
		96A2FFBEDA9B53B465AEB41A /* JunkCleanerView.swift in Sources */ = {isa = PBXBuildFile; fileRef = 575242D8CA34B18FD76DD4FE /* JunkCleanerView.swift */; };
		9C256ECFD03A15A92272C000 /* Assets.xcassets in Resources */ = {isa = PBXBuildFile; fileRef = 2212133287D5A40215D51B3F /* Assets.xcassets */; };
		A292BD79FDE867EC711A8E5B /* SummaryCardView.swift in Sources */ = {isa = PBXBuildFile; fileRef = 8F0AC3C62BF924A8FD115848 /* SummaryCardView.swift */; };
		B013D80A5181BB873E15F75A /* HeroPanelView.swift in Sources */ = {isa = PBXBuildFile; fileRef = EB1592F9B76A607BFA0C5D29 /* HeroPanelView.swift */; };
		B3BA61A0E30BB10F63410FE9 /* BadgeView.swift in Sources */ = {isa = PBXBuildFile; fileRef = 6E0B72A04198D2C4C56BD2A9 /* BadgeView.swift */; };
		B8C5878B6778CB1B3A13E84F /* ProtectionView.swift in Sources */ = {isa = PBXBuildFile; fileRef = 0A434E7961B33074CE62CB1F /* ProtectionView.swift */; };
		BD71724FAF539B30C395699C /* EmptyStateView.swift in Sources */ = {isa = PBXBuildFile; fileRef = C25382720F5D7E946EA383D8 /* EmptyStateView.swift */; };
		BFB9A6BD1B872593B8AE2E6E /* DuplicateFinderViewModel.swift in Sources */ = {isa = PBXBuildFile; fileRef = 3BE8C8BA65A1959342CAFAD8 /* DuplicateFinderViewModel.swift */; };
		C525BF54959EB6033641B5C1 /* MenuBarMetricsMonitor.swift in Sources */ = {isa = PBXBuildFile; fileRef = E854DD88191E34B25816AF4E /* MenuBarMetricsMonitor.swift */; };
		D43BD385637D22053A3464D6 /* SOSMacApp.swift in Sources */ = {isa = PBXBuildFile; fileRef = B658F774CB266713577506C2 /* SOSMacApp.swift */; };
		D4761BBD0776A6D89B63A73F /* SmartCareViewModel.swift in Sources */ = {isa = PBXBuildFile; fileRef = E244407C254EC7244F5679A6 /* SmartCareViewModel.swift */; };
		D8C735AEECD1B5CB23CBA24B /* VolumeStorageInfo.swift in Sources */ = {isa = PBXBuildFile; fileRef = 60925814F21D41B971FD4766 /* VolumeStorageInfo.swift */; };
		DDABCDA3D5687DA3D9226741 /* ProgressBarView.swift in Sources */ = {isa = PBXBuildFile; fileRef = 4602316F2C4D26A19A7D0D74 /* ProgressBarView.swift */; };
		E1CFC6345E8746F24381C098 /* CloudCleanupViewModel.swift in Sources */ = {isa = PBXBuildFile; fileRef = E613731BF2E7935588A184F1 /* CloudCleanupViewModel.swift */; };
		EFDE7593D4F73BCC2E1BEAF7 /* MenuBarHelperApp.swift in Sources */ = {isa = PBXBuildFile; fileRef = 55FBEF13A614EB37E4296928 /* MenuBarHelperApp.swift */; };
		F2F2D9337CA182C9FD55FD7D /* main.swift in Sources */ = {isa = PBXBuildFile; fileRef = EB67B89413B962973465246B /* main.swift */; };
		FB8C8083C6100E2742DDB309 /* UninstallerViewModel.swift in Sources */ = {isa = PBXBuildFile; fileRef = C12B3FBB6D8691969DF7F3C4 /* UninstallerViewModel.swift */; };
/* End PBXBuildFile section */

/* Begin PBXContainerItemProxy section */
		19F8C565045FEFF465001229 /* PBXContainerItemProxy */ = {
			isa = PBXContainerItemProxy;
			containerPortal = 1AE0FE96F145338D24088645 /* Project object */;
			proxyType = 1;
			remoteGlobalIDString = 1E8F47B298496F8078E1C1BB;
			remoteInfo = PrivilegedHelper;
		};
		5FE012B8D398D8E5565D8400 /* PBXContainerItemProxy */ = {
			isa = PBXContainerItemProxy;
			containerPortal = 1AE0FE96F145338D24088645 /* Project object */;
			proxyType = 1;
			remoteGlobalIDString = 80C8485EDEE67072AE469396;
			remoteInfo = SOSMac;
		};
		C01DE2D8B6FC01A6AE906E61 /* PBXContainerItemProxy */ = {
			isa = PBXContainerItemProxy;
			containerPortal = 1AE0FE96F145338D24088645 /* Project object */;
			proxyType = 1;
			remoteGlobalIDString = 0F44861A6320DC1CC94A51C6;
			remoteInfo = MenuBarHelper;
		};
/* End PBXContainerItemProxy section */

/* Begin PBXFileReference section */
		09BAF8424C039491F5324208 /* JunkCleanerViewModel.swift */ = {isa = PBXFileReference; lastKnownFileType = sourcecode.swift; path = JunkCleanerViewModel.swift; sourceTree = "<group>"; };
		0A434E7961B33074CE62CB1F /* ProtectionView.swift */ = {isa = PBXFileReference; lastKnownFileType = sourcecode.swift; path = ProtectionView.swift; sourceTree = "<group>"; };
		10DAA0AD06134B381646E567 /* UpdaterView.swift */ = {isa = PBXFileReference; lastKnownFileType = sourcecode.swift; path = UpdaterView.swift; sourceTree = "<group>"; };
		166E1A0591F7BDC42C0E7853 /* PrivilegedHelper */ = {isa = PBXFileReference; includeInIndex = 0; path = PrivilegedHelper; sourceTree = BUILT_PRODUCTS_DIR; };
		169861D77A35617E7FED9E0A /* TreemapCanvasView.swift */ = {isa = PBXFileReference; lastKnownFileType = sourcecode.swift; path = TreemapCanvasView.swift; sourceTree = "<group>"; };
		16FEC6E072C20E77D60A0C25 /* SpaceLensViewModel.swift */ = {isa = PBXFileReference; lastKnownFileType = sourcecode.swift; path = SpaceLensViewModel.swift; sourceTree = "<group>"; };
		19C39CA1766D163871E0E7CE /* SmartCareView.swift */ = {isa = PBXFileReference; lastKnownFileType = sourcecode.swift; path = SmartCareView.swift; sourceTree = "<group>"; };
		1C8BE73AC42934229155564A /* StepRowView.swift */ = {isa = PBXFileReference; lastKnownFileType = sourcecode.swift; path = StepRowView.swift; sourceTree = "<group>"; };
		2212133287D5A40215D51B3F /* Assets.xcassets */ = {isa = PBXFileReference; lastKnownFileType = folder.assetcatalog; path = Assets.xcassets; sourceTree = "<group>"; };
		25FCCD11654F615F38FBC7AE /* HealthDialView.swift */ = {isa = PBXFileReference; lastKnownFileType = sourcecode.swift; path = HealthDialView.swift; sourceTree = "<group>"; };
		3378D6B53CDCB0474385C0B8 /* CloudCleanupView.swift */ = {isa = PBXFileReference; lastKnownFileType = sourcecode.swift; path = CloudCleanupView.swift; sourceTree = "<group>"; };
		34D556598CDC035EE94F81C8 /* DashboardView.swift */ = {isa = PBXFileReference; lastKnownFileType = sourcecode.swift; path = DashboardView.swift; sourceTree = "<group>"; };
		3BE8C8BA65A1959342CAFAD8 /* DuplicateFinderViewModel.swift */ = {isa = PBXFileReference; lastKnownFileType = sourcecode.swift; path = DuplicateFinderViewModel.swift; sourceTree = "<group>"; };
		4602316F2C4D26A19A7D0D74 /* ProgressBarView.swift */ = {isa = PBXFileReference; lastKnownFileType = sourcecode.swift; path = ProgressBarView.swift; sourceTree = "<group>"; };
		4F5B55EEB5382ACCBAD08487 /* ScanProgressPanel.swift */ = {isa = PBXFileReference; lastKnownFileType = sourcecode.swift; path = ScanProgressPanel.swift; sourceTree = "<group>"; };
		5325AAC4BF630C9A4707EB99 /* QuarantineRecord.swift */ = {isa = PBXFileReference; lastKnownFileType = sourcecode.swift; path = QuarantineRecord.swift; sourceTree = "<group>"; };
		556CD64042D3F9B34D459D96 /* SpaceLensView.swift */ = {isa = PBXFileReference; lastKnownFileType = sourcecode.swift; path = SpaceLensView.swift; sourceTree = "<group>"; };
		55FBEF13A614EB37E4296928 /* MenuBarHelperApp.swift */ = {isa = PBXFileReference; lastKnownFileType = sourcecode.swift; path = MenuBarHelperApp.swift; sourceTree = "<group>"; };
		565503C45E57F760D1ABCE61 /* IgnoredItem.swift */ = {isa = PBXFileReference; lastKnownFileType = sourcecode.swift; path = IgnoredItem.swift; sourceTree = "<group>"; };
		575242D8CA34B18FD76DD4FE /* JunkCleanerView.swift */ = {isa = PBXFileReference; lastKnownFileType = sourcecode.swift; path = JunkCleanerView.swift; sourceTree = "<group>"; };
		5C3280BFF2C7337B3913B507 /* SOSMac.app */ = {isa = PBXFileReference; explicitFileType = wrapper.application; includeInIndex = 0; path = SOSMac.app; sourceTree = BUILT_PRODUCTS_DIR; };
		60925814F21D41B971FD4766 /* VolumeStorageInfo.swift */ = {isa = PBXFileReference; lastKnownFileType = sourcecode.swift; path = VolumeStorageInfo.swift; sourceTree = "<group>"; };
		68651E3F484F9D5B790F279C /* SidebarNavRow.swift */ = {isa = PBXFileReference; lastKnownFileType = sourcecode.swift; path = SidebarNavRow.swift; sourceTree = "<group>"; };
		6E0B72A04198D2C4C56BD2A9 /* BadgeView.swift */ = {isa = PBXFileReference; lastKnownFileType = sourcecode.swift; path = BadgeView.swift; sourceTree = "<group>"; };
		73189B75ABC2BD11A9F61700 /* ElevationModifier.swift */ = {isa = PBXFileReference; lastKnownFileType = sourcecode.swift; path = ElevationModifier.swift; sourceTree = "<group>"; };
		763ECBD32513F45F9539E313 /* DuplicateFinderView.swift */ = {isa = PBXFileReference; lastKnownFileType = sourcecode.swift; path = DuplicateFinderView.swift; sourceTree = "<group>"; };
		7B273DE218A656524EA73BAF /* UpdaterViewModel.swift */ = {isa = PBXFileReference; lastKnownFileType = sourcecode.swift; path = UpdaterViewModel.swift; sourceTree = "<group>"; };
		8F0AC3C62BF924A8FD115848 /* SummaryCardView.swift */ = {isa = PBXFileReference; lastKnownFileType = sourcecode.swift; path = SummaryCardView.swift; sourceTree = "<group>"; };
		99909B8A48785AADED1E723A /* CareCardModifier.swift */ = {isa = PBXFileReference; lastKnownFileType = sourcecode.swift; path = CareCardModifier.swift; sourceTree = "<group>"; };
		9A34B85C63A2C70EA9CC995A /* PrivilegedHelperClient.swift */ = {isa = PBXFileReference; lastKnownFileType = sourcecode.swift; path = PrivilegedHelperClient.swift; sourceTree = "<group>"; };
		A75763649B41522A9F8B4952 /* CleanCore */ = {isa = PBXFileReference; lastKnownFileType = folder; name = CleanCore; path = Packages/CleanCore; sourceTree = SOURCE_ROOT; };
		AD009D570D83BC9D450F00E2 /* HelperOperations.swift */ = {isa = PBXFileReference; lastKnownFileType = sourcecode.swift; path = HelperOperations.swift; sourceTree = "<group>"; };
		AEE74DC5C8E5A6D70E4BDB9E /* ASWebAuthSessionPresenter.swift */ = {isa = PBXFileReference; lastKnownFileType = sourcecode.swift; path = ASWebAuthSessionPresenter.swift; sourceTree = "<group>"; };
		B59147E006B726F9138C2B12 /* AuroraCareScreenshotTests.swift */ = {isa = PBXFileReference; lastKnownFileType = sourcecode.swift; path = AuroraCareScreenshotTests.swift; sourceTree = "<group>"; };
		B658F774CB266713577506C2 /* SOSMacApp.swift */ = {isa = PBXFileReference; lastKnownFileType = sourcecode.swift; path = SOSMacApp.swift; sourceTree = "<group>"; };
		B8E6150D819C892387C01600 /* StickyFooterView.swift */ = {isa = PBXFileReference; lastKnownFileType = sourcecode.swift; path = StickyFooterView.swift; sourceTree = "<group>"; };
		BB172A55E6FDD2279F882CAE /* AuroraBloomModifier.swift */ = {isa = PBXFileReference; lastKnownFileType = sourcecode.swift; path = AuroraBloomModifier.swift; sourceTree = "<group>"; };
		BC67E979C262C1B384952044 /* ScanProgressTracker.swift */ = {isa = PBXFileReference; lastKnownFileType = sourcecode.swift; path = ScanProgressTracker.swift; sourceTree = "<group>"; };
		C12B3FBB6D8691969DF7F3C4 /* UninstallerViewModel.swift */ = {isa = PBXFileReference; lastKnownFileType = sourcecode.swift; path = UninstallerViewModel.swift; sourceTree = "<group>"; };
		C25382720F5D7E946EA383D8 /* EmptyStateView.swift */ = {isa = PBXFileReference; lastKnownFileType = sourcecode.swift; path = EmptyStateView.swift; sourceTree = "<group>"; };
		C43826BD2FA6A0D54664D89D /* MenuBarHelper.app */ = {isa = PBXFileReference; explicitFileType = wrapper.application; includeInIndex = 0; path = MenuBarHelper.app; sourceTree = BUILT_PRODUCTS_DIR; };
		C99BA9DCEA375A8537944594 /* UninstallerView.swift */ = {isa = PBXFileReference; lastKnownFileType = sourcecode.swift; path = UninstallerView.swift; sourceTree = "<group>"; };
		D60AE4D0BE44E292519DD599 /* PerformanceViewModel.swift */ = {isa = PBXFileReference; lastKnownFileType = sourcecode.swift; path = PerformanceViewModel.swift; sourceTree = "<group>"; };
		D78116D60A7591C3E1D1E111 /* Theme.swift */ = {isa = PBXFileReference; lastKnownFileType = sourcecode.swift; path = Theme.swift; sourceTree = "<group>"; };
		E244407C254EC7244F5679A6 /* SmartCareViewModel.swift */ = {isa = PBXFileReference; lastKnownFileType = sourcecode.swift; path = SmartCareViewModel.swift; sourceTree = "<group>"; };
		E5454942F08539F2B5554DD6 /* SOSMacUITests.xctest */ = {isa = PBXFileReference; explicitFileType = wrapper.cfbundle; includeInIndex = 0; path = SOSMacUITests.xctest; sourceTree = BUILT_PRODUCTS_DIR; };
		E613731BF2E7935588A184F1 /* CloudCleanupViewModel.swift */ = {isa = PBXFileReference; lastKnownFileType = sourcecode.swift; path = CloudCleanupViewModel.swift; sourceTree = "<group>"; };
		E80C73390FD3C0119541F076 /* ProtectionViewModel.swift */ = {isa = PBXFileReference; lastKnownFileType = sourcecode.swift; path = ProtectionViewModel.swift; sourceTree = "<group>"; };
		E854DD88191E34B25816AF4E /* MenuBarMetricsMonitor.swift */ = {isa = PBXFileReference; lastKnownFileType = sourcecode.swift; path = MenuBarMetricsMonitor.swift; sourceTree = "<group>"; };
		EB1592F9B76A607BFA0C5D29 /* HeroPanelView.swift */ = {isa = PBXFileReference; lastKnownFileType = sourcecode.swift; path = HeroPanelView.swift; sourceTree = "<group>"; };
		EB67B89413B962973465246B /* main.swift */ = {isa = PBXFileReference; lastKnownFileType = sourcecode.swift; path = main.swift; sourceTree = "<group>"; };
		F8220BACD07F979662C76390 /* TreemapKit */ = {isa = PBXFileReference; lastKnownFileType = folder; name = TreemapKit; path = Packages/TreemapKit; sourceTree = SOURCE_ROOT; };
		FD7ECA1B33611E22001EF44C /* HelperXPCListenerDelegate.swift */ = {isa = PBXFileReference; lastKnownFileType = sourcecode.swift; path = HelperXPCListenerDelegate.swift; sourceTree = "<group>"; };
		FEDD20C09B7740A9A836FD75 /* ModuleCardView.swift */ = {isa = PBXFileReference; lastKnownFileType = sourcecode.swift; path = ModuleCardView.swift; sourceTree = "<group>"; };
		FFABD43DC705D2ADFED69B24 /* PerformanceView.swift */ = {isa = PBXFileReference; lastKnownFileType = sourcecode.swift; path = PerformanceView.swift; sourceTree = "<group>"; };
/* End PBXFileReference section */

/* Begin PBXFrameworksBuildPhase section */
		41DEE14E9A4BACC2D4D46D6B /* Frameworks */ = {
			isa = PBXFrameworksBuildPhase;
			buildActionMask = 2147483647;
			files = (
				77854C6493918A65D3F8873A /* CleanCore in Frameworks */,
			);
			runOnlyForDeploymentPostprocessing = 0;
		};
		5D865B8AA9D189C5B1F3D3F6 /* Frameworks */ = {
			isa = PBXFrameworksBuildPhase;
			buildActionMask = 2147483647;
			files = (
				08900F6991F02A43C569DDF4 /* CleanCore in Frameworks */,
				29AC5FD388B0CFD5BBEE361C /* TreemapKit in Frameworks */,
			);
			runOnlyForDeploymentPostprocessing = 0;
		};
		93F95BD38EF782A90080372E /* Frameworks */ = {
			isa = PBXFrameworksBuildPhase;
			buildActionMask = 2147483647;
			files = (
				458707984EA6D611967423D8 /* CleanCore in Frameworks */,
			);
			runOnlyForDeploymentPostprocessing = 0;
		};
/* End PBXFrameworksBuildPhase section */

/* Begin PBXGroup section */
		031D2175453B3650FA05DA1D /* MenuBarHelper */ = {
			isa = PBXGroup;
			children = (
				55FBEF13A614EB37E4296928 /* MenuBarHelperApp.swift */,
				E854DD88191E34B25816AF4E /* MenuBarMetricsMonitor.swift */,
			);
			path = MenuBarHelper;
			sourceTree = "<group>";
		};
		1BF0A0A0738033607422A86F /* Performance */ = {
			isa = PBXGroup;
			children = (
				FFABD43DC705D2ADFED69B24 /* PerformanceView.swift */,
				D60AE4D0BE44E292519DD599 /* PerformanceViewModel.swift */,
			);
			path = Performance;
			sourceTree = "<group>";
		};
		1EF263C6E220E9F85C22ED11 = {
			isa = PBXGroup;
			children = (
				629744F5A23957F4DCE526F7 /* App */,
				031D2175453B3650FA05DA1D /* MenuBarHelper */,
				3591A759099A03CB61D76D3E /* Packages */,
				E611D953C857CEE55508FCE2 /* PrivilegedHelper */,
				BDC8CFB2E7DB46D06FD11255 /* SOSMacUITests */,
				2C72880C804DAEB47011B4D1 /* Products */,
			);
			sourceTree = "<group>";
		};
		2C72880C804DAEB47011B4D1 /* Products */ = {
			isa = PBXGroup;
			children = (
				C43826BD2FA6A0D54664D89D /* MenuBarHelper.app */,
				166E1A0591F7BDC42C0E7853 /* PrivilegedHelper */,
				5C3280BFF2C7337B3913B507 /* SOSMac.app */,
				E5454942F08539F2B5554DD6 /* SOSMacUITests.xctest */,
			);
			name = Products;
			sourceTree = "<group>";
		};
		3591A759099A03CB61D76D3E /* Packages */ = {
			isa = PBXGroup;
			children = (
				A75763649B41522A9F8B4952 /* CleanCore */,
				F8220BACD07F979662C76390 /* TreemapKit */,
			);
			path = Packages;
			sourceTree = "<group>";
		};
		3ED69B2A9BC865B40322DB40 /* Services */ = {
			isa = PBXGroup;
			children = (
				9A34B85C63A2C70EA9CC995A /* PrivilegedHelperClient.swift */,
			);
			path = Services;
			sourceTree = "<group>";
		};
		4DEEC95864B8D7460364044D /* Protection */ = {
			isa = PBXGroup;
			children = (
				0A434E7961B33074CE62CB1F /* ProtectionView.swift */,
				E80C73390FD3C0119541F076 /* ProtectionViewModel.swift */,
			);
			path = Protection;
			sourceTree = "<group>";
		};
		537233CFE1D2F0659C0A5F75 /* Support */ = {
			isa = PBXGroup;
			children = (
				565503C45E57F760D1ABCE61 /* IgnoredItem.swift */,
				5325AAC4BF630C9A4707EB99 /* QuarantineRecord.swift */,
				60925814F21D41B971FD4766 /* VolumeStorageInfo.swift */,
			);
			path = Support;
			sourceTree = "<group>";
		};
		5ACBE6F3673FD3F93C36DFA0 /* SmartCare */ = {
			isa = PBXGroup;
			children = (
				19C39CA1766D163871E0E7CE /* SmartCareView.swift */,
				E244407C254EC7244F5679A6 /* SmartCareViewModel.swift */,
			);
			path = SmartCare;
			sourceTree = "<group>";
		};
		629744F5A23957F4DCE526F7 /* App */ = {
			isa = PBXGroup;
			children = (
				2212133287D5A40215D51B3F /* Assets.xcassets */,
				B658F774CB266713577506C2 /* SOSMacApp.swift */,
				7BFDB829AB2B5D575B0FDD4E /* DesignSystem */,
				E8CAA9B4E0A7D6FB1248D169 /* Features */,
				3ED69B2A9BC865B40322DB40 /* Services */,
				537233CFE1D2F0659C0A5F75 /* Support */,
			);
			path = App;
			sourceTree = "<group>";
		};
		671C469600944E06C25BC1BB /* Duplicates */ = {
			isa = PBXGroup;
			children = (
				763ECBD32513F45F9539E313 /* DuplicateFinderView.swift */,
				3BE8C8BA65A1959342CAFAD8 /* DuplicateFinderViewModel.swift */,
			);
			path = Duplicates;
			sourceTree = "<group>";
		};
		75587A67795E3A1691986E0E /* JunkCleaner */ = {
			isa = PBXGroup;
			children = (
				575242D8CA34B18FD76DD4FE /* JunkCleanerView.swift */,
				09BAF8424C039491F5324208 /* JunkCleanerViewModel.swift */,
			);
			path = JunkCleaner;
			sourceTree = "<group>";
		};
		7BFDB829AB2B5D575B0FDD4E /* DesignSystem */ = {
			isa = PBXGroup;
			children = (
				BB172A55E6FDD2279F882CAE /* AuroraBloomModifier.swift */,
				6E0B72A04198D2C4C56BD2A9 /* BadgeView.swift */,
				99909B8A48785AADED1E723A /* CareCardModifier.swift */,
				73189B75ABC2BD11A9F61700 /* ElevationModifier.swift */,
				C25382720F5D7E946EA383D8 /* EmptyStateView.swift */,
				25FCCD11654F615F38FBC7AE /* HealthDialView.swift */,
				EB1592F9B76A607BFA0C5D29 /* HeroPanelView.swift */,
				FEDD20C09B7740A9A836FD75 /* ModuleCardView.swift */,
				4602316F2C4D26A19A7D0D74 /* ProgressBarView.swift */,
				4F5B55EEB5382ACCBAD08487 /* ScanProgressPanel.swift */,
				BC67E979C262C1B384952044 /* ScanProgressTracker.swift */,
				68651E3F484F9D5B790F279C /* SidebarNavRow.swift */,
				1C8BE73AC42934229155564A /* StepRowView.swift */,
				B8E6150D819C892387C01600 /* StickyFooterView.swift */,
				8F0AC3C62BF924A8FD115848 /* SummaryCardView.swift */,
				D78116D60A7591C3E1D1E111 /* Theme.swift */,
			);
			path = DesignSystem;
			sourceTree = "<group>";
		};
		83B4AF76307BEB51B07A3D24 /* CloudCleanup */ = {
			isa = PBXGroup;
			children = (
				AEE74DC5C8E5A6D70E4BDB9E /* ASWebAuthSessionPresenter.swift */,
				3378D6B53CDCB0474385C0B8 /* CloudCleanupView.swift */,
				E613731BF2E7935588A184F1 /* CloudCleanupViewModel.swift */,
			);
			path = CloudCleanup;
			sourceTree = "<group>";
		};
		8B74B25ED049194EC9F0B617 /* Uninstaller */ = {
			isa = PBXGroup;
			children = (
				C99BA9DCEA375A8537944594 /* UninstallerView.swift */,
				C12B3FBB6D8691969DF7F3C4 /* UninstallerViewModel.swift */,
			);
			path = Uninstaller;
			sourceTree = "<group>";
		};
		A56DFFF2DB6EF451AF1CF668 /* Dashboard */ = {
			isa = PBXGroup;
			children = (
				34D556598CDC035EE94F81C8 /* DashboardView.swift */,
			);
			path = Dashboard;
			sourceTree = "<group>";
		};
		BDC8CFB2E7DB46D06FD11255 /* SOSMacUITests */ = {
			isa = PBXGroup;
			children = (
				B59147E006B726F9138C2B12 /* AuroraCareScreenshotTests.swift */,
			);
			path = SOSMacUITests;
			sourceTree = "<group>";
		};
		E2993D55C7DD4927D96A0D94 /* SpaceLens */ = {
			isa = PBXGroup;
			children = (
				556CD64042D3F9B34D459D96 /* SpaceLensView.swift */,
				16FEC6E072C20E77D60A0C25 /* SpaceLensViewModel.swift */,
				169861D77A35617E7FED9E0A /* TreemapCanvasView.swift */,
			);
			path = SpaceLens;
			sourceTree = "<group>";
		};
		E611D953C857CEE55508FCE2 /* PrivilegedHelper */ = {
			isa = PBXGroup;
			children = (
				AD009D570D83BC9D450F00E2 /* HelperOperations.swift */,
				FD7ECA1B33611E22001EF44C /* HelperXPCListenerDelegate.swift */,
				EB67B89413B962973465246B /* main.swift */,
			);
			path = PrivilegedHelper;
			sourceTree = "<group>";
		};
		E8CAA9B4E0A7D6FB1248D169 /* Features */ = {
			isa = PBXGroup;
			children = (
				83B4AF76307BEB51B07A3D24 /* CloudCleanup */,
				A56DFFF2DB6EF451AF1CF668 /* Dashboard */,
				671C469600944E06C25BC1BB /* Duplicates */,
				75587A67795E3A1691986E0E /* JunkCleaner */,
				1BF0A0A0738033607422A86F /* Performance */,
				4DEEC95864B8D7460364044D /* Protection */,
				5ACBE6F3673FD3F93C36DFA0 /* SmartCare */,
				E2993D55C7DD4927D96A0D94 /* SpaceLens */,
				8B74B25ED049194EC9F0B617 /* Uninstaller */,
				F85E9F32DD7D83C5989962AB /* Updater */,
			);
			path = Features;
			sourceTree = "<group>";
		};
		F85E9F32DD7D83C5989962AB /* Updater */ = {
			isa = PBXGroup;
			children = (
				10DAA0AD06134B381646E567 /* UpdaterView.swift */,
				7B273DE218A656524EA73BAF /* UpdaterViewModel.swift */,
			);
			path = Updater;
			sourceTree = "<group>";
		};
/* End PBXGroup section */

/* Begin PBXNativeTarget section */
		0F44861A6320DC1CC94A51C6 /* MenuBarHelper */ = {
			isa = PBXNativeTarget;
			buildConfigurationList = 95ECA58646F994FD067855E9 /* Build configuration list for PBXNativeTarget "MenuBarHelper" */;
			buildPhases = (
				AB80D1051861F62752A8916E /* Sources */,
				41DEE14E9A4BACC2D4D46D6B /* Frameworks */,
			);
			buildRules = (
			);
			dependencies = (
			);
			name = MenuBarHelper;
			packageProductDependencies = (
				89061E0DFCA37E66808CEF57 /* CleanCore */,
			);
			productName = MenuBarHelper;
			productReference = C43826BD2FA6A0D54664D89D /* MenuBarHelper.app */;
			productType = "com.apple.product-type.application";
		};
		1E8F47B298496F8078E1C1BB /* PrivilegedHelper */ = {
			isa = PBXNativeTarget;
			buildConfigurationList = E0B129E04E0EBECE53F1A5CA /* Build configuration list for PBXNativeTarget "PrivilegedHelper" */;
			buildPhases = (
				C280B043BCC94C27C878411C /* Sources */,
				93F95BD38EF782A90080372E /* Frameworks */,
			);
			buildRules = (
			);
			dependencies = (
			);
			name = PrivilegedHelper;
			packageProductDependencies = (
				D75AB0EE0491BD829154298F /* CleanCore */,
			);
			productName = PrivilegedHelper;
			productReference = 166E1A0591F7BDC42C0E7853 /* PrivilegedHelper */;
			productType = "com.apple.product-type.tool";
		};
		80C8485EDEE67072AE469396 /* SOSMac */ = {
			isa = PBXNativeTarget;
			buildConfigurationList = FA6CE02A7FF097ED56E043C7 /* Build configuration list for PBXNativeTarget "SOSMac" */;
			buildPhases = (
				07981996A865C11D7ED39BE2 /* Sources */,
				F72DCA3DE9322EC7E3B6DD57 /* Resources */,
				5D865B8AA9D189C5B1F3D3F6 /* Frameworks */,
				3EF987C894E07827539BF3AF /* Embed Menu Bar Helper */,
				CEA77A50A807EDC359AE63E6 /* Embed Privileged Helper */,
			);
			buildRules = (
			);
			dependencies = (
				00F4A648FA5165ECDCC18104 /* PBXTargetDependency */,
				33B4A1AE1EDE0B0F63FD8B9F /* PBXTargetDependency */,
			);
			name = SOSMac;
			packageProductDependencies = (
				B0AE3ED04E1697D2D60C38DF /* CleanCore */,
				35EB24D1CC05056D12B5D6DD /* TreemapKit */,
			);
			productName = SOSMac;
			productReference = 5C3280BFF2C7337B3913B507 /* SOSMac.app */;
			productType = "com.apple.product-type.application";
		};
		DAAC64D4060DF2CB19ED3851 /* SOSMacUITests */ = {
			isa = PBXNativeTarget;
			buildConfigurationList = 46D5731BCCA0FAE906FC870A /* Build configuration list for PBXNativeTarget "SOSMacUITests" */;
			buildPhases = (
				DFE9DE70BC28EA3A5DDA5627 /* Sources */,
			);
			buildRules = (
			);
			dependencies = (
				79CAAECBA8FF717DA80ED8AF /* PBXTargetDependency */,
			);
			name = SOSMacUITests;
			packageProductDependencies = (
			);
			productName = SOSMacUITests;
			productReference = E5454942F08539F2B5554DD6 /* SOSMacUITests.xctest */;
			productType = "com.apple.product-type.bundle.ui-testing";
		};
/* End PBXNativeTarget section */

/* Begin PBXProject section */
		1AE0FE96F145338D24088645 /* Project object */ = {
			isa = PBXProject;
			attributes = {
				BuildIndependentTargetsInParallel = YES;
				LastUpgradeCheck = 1430;
				TargetAttributes = {
					0F44861A6320DC1CC94A51C6 = {
						ProvisioningStyle = Automatic;
					};
					1E8F47B298496F8078E1C1BB = {
						ProvisioningStyle = Automatic;
					};
					80C8485EDEE67072AE469396 = {
						ProvisioningStyle = Automatic;
					};
					DAAC64D4060DF2CB19ED3851 = {
						ProvisioningStyle = Automatic;
						TestTargetID = 80C8485EDEE67072AE469396;
					};
				};
			};
			buildConfigurationList = 7204ECF185D832CD34AA5F6F /* Build configuration list for PBXProject "SOSMac" */;
			compatibilityVersion = "Xcode 14.0";
			developmentRegion = en;
			hasScannedForEncodings = 0;
			knownRegions = (
				Base,
				en,
			);
			mainGroup = 1EF263C6E220E9F85C22ED11;
			minimizedProjectReferenceProxies = 1;
			packageReferences = (
				20E33CFF0AC2C89FB3143BCD /* XCLocalSwiftPackageReference "Packages/CleanCore" */,
				6CA7B90501C92CBD17BA0BC5 /* XCLocalSwiftPackageReference "Packages/TreemapKit" */,
			);
			preferredProjectObjectVersion = 77;
			projectDirPath = "";
			projectRoot = "";
			targets = (
				0F44861A6320DC1CC94A51C6 /* MenuBarHelper */,
				1E8F47B298496F8078E1C1BB /* PrivilegedHelper */,
				80C8485EDEE67072AE469396 /* SOSMac */,
				DAAC64D4060DF2CB19ED3851 /* SOSMacUITests */,
			);
		};
/* End PBXProject section */

/* Begin PBXResourcesBuildPhase section */
		F72DCA3DE9322EC7E3B6DD57 /* Resources */ = {
			isa = PBXResourcesBuildPhase;
			buildActionMask = 2147483647;
			files = (
				9C256ECFD03A15A92272C000 /* Assets.xcassets in Resources */,
				119ABFBC2B48E424ABAE34FF /* MenuBarHelper.app in Resources */,
				3E60D9BD9B7CB5E0B6D9A6F9 /* PrivilegedHelper in Resources */,
			);
			runOnlyForDeploymentPostprocessing = 0;
		};
/* End PBXResourcesBuildPhase section */

/* Begin PBXShellScriptBuildPhase section */
		3EF987C894E07827539BF3AF /* Embed Menu Bar Helper */ = {
			isa = PBXShellScriptBuildPhase;
			buildActionMask = 2147483647;
			files = (
			);
			inputFileListPaths = (
			);
			inputPaths = (
			);
			name = "Embed Menu Bar Helper";
			outputFileListPaths = (
			);
			outputPaths = (
			);
			runOnlyForDeploymentPostprocessing = 0;
			shellPath = /bin/sh;
			shellScript = "set -e\nDEST=\"${BUILT_PRODUCTS_DIR}/${CONTENTS_FOLDER_PATH}/Library/LoginItems\"\nmkdir -p \"$DEST\"\nrm -rf \"$DEST/MenuBarHelper.app\"\ncp -R \"${BUILT_PRODUCTS_DIR}/MenuBarHelper.app\" \"$DEST/MenuBarHelper.app\"\n";
		};
		CEA77A50A807EDC359AE63E6 /* Embed Privileged Helper */ = {
			isa = PBXShellScriptBuildPhase;
			buildActionMask = 2147483647;
			files = (
			);
			inputFileListPaths = (
			);
			inputPaths = (
			);
			name = "Embed Privileged Helper";
			outputFileListPaths = (
			);
			outputPaths = (
			);
			runOnlyForDeploymentPostprocessing = 0;
			shellPath = /bin/sh;
			shellScript = "set -e\nLAUNCHD_DEST=\"${BUILT_PRODUCTS_DIR}/${CONTENTS_FOLDER_PATH}/Library/LaunchDaemons\"\nRESOURCES_DEST=\"${BUILT_PRODUCTS_DIR}/${CONTENTS_FOLDER_PATH}/Resources\"\nmkdir -p \"$LAUNCHD_DEST\" \"$RESOURCES_DEST\"\ncp \"${SRCROOT}/PrivilegedHelper/com.nextlabs.sosmac.privilegedhelper.plist\" \"$LAUNCHD_DEST/\"\ncp \"${BUILT_PRODUCTS_DIR}/com.nextlabs.sosmac.privilegedhelper\" \"$RESOURCES_DEST/\"\n";
		};
/* End PBXShellScriptBuildPhase section */

/* Begin PBXSourcesBuildPhase section */
		07981996A865C11D7ED39BE2 /* Sources */ = {
			isa = PBXSourcesBuildPhase;
			buildActionMask = 2147483647;
			files = (
				89A677FD9979FA784AE0C17A /* ASWebAuthSessionPresenter.swift in Sources */,
				2773C6BA3401153349B7A752 /* AuroraBloomModifier.swift in Sources */,
				B3BA61A0E30BB10F63410FE9 /* BadgeView.swift in Sources */,
				0980BEA718F6AC9A78614779 /* CareCardModifier.swift in Sources */,
				728C27220348DC8271916BB8 /* CloudCleanupView.swift in Sources */,
				E1CFC6345E8746F24381C098 /* CloudCleanupViewModel.swift in Sources */,
				1B4936A4A6291F165CB9595D /* DashboardView.swift in Sources */,
				3EF1CD052576C9A843228DF1 /* DuplicateFinderView.swift in Sources */,
				BFB9A6BD1B872593B8AE2E6E /* DuplicateFinderViewModel.swift in Sources */,
				38E490DE64DB1DC787E4D64D /* ElevationModifier.swift in Sources */,
				BD71724FAF539B30C395699C /* EmptyStateView.swift in Sources */,
				283D3A9E02E9DFF48AFB6210 /* HealthDialView.swift in Sources */,
				B013D80A5181BB873E15F75A /* HeroPanelView.swift in Sources */,
				47A95B1665E814CEB837631D /* IgnoredItem.swift in Sources */,
				96A2FFBEDA9B53B465AEB41A /* JunkCleanerView.swift in Sources */,
				8A7D4331AFFDCB5D68F6FE3C /* JunkCleanerViewModel.swift in Sources */,
				5C3F87EDDE3FBF336E4F7040 /* ModuleCardView.swift in Sources */,
				3E38F672530103701AC5A976 /* PerformanceView.swift in Sources */,
				4E688FAFBD4C19198A4B7168 /* PerformanceViewModel.swift in Sources */,
				6C83EF8ADCC68D145197246A /* PrivilegedHelperClient.swift in Sources */,
				DDABCDA3D5687DA3D9226741 /* ProgressBarView.swift in Sources */,
				B8C5878B6778CB1B3A13E84F /* ProtectionView.swift in Sources */,
				77C50036ABEC8F54C3F86362 /* ProtectionViewModel.swift in Sources */,
				12A18A19EEF8BE2ED712F44D /* QuarantineRecord.swift in Sources */,
				D43BD385637D22053A3464D6 /* SOSMacApp.swift in Sources */,
				35F78EF4F974AD83A4552DD8 /* ScanProgressPanel.swift in Sources */,
				1D06AB7F38F03BC556400EB7 /* ScanProgressTracker.swift in Sources */,
				302D413F61D134A94F8799EF /* SidebarNavRow.swift in Sources */,
				0B8EB0370E309D0D95DC67B3 /* SmartCareView.swift in Sources */,
				D4761BBD0776A6D89B63A73F /* SmartCareViewModel.swift in Sources */,
				524602F1BD6F72FD380E92A0 /* SpaceLensView.swift in Sources */,
				6DE0567BF263811BF9B5FAC0 /* SpaceLensViewModel.swift in Sources */,
				03D89916AF1CF0691BB0B6FB /* StepRowView.swift in Sources */,
				505D9B11A9E68A53E981C804 /* StickyFooterView.swift in Sources */,
				A292BD79FDE867EC711A8E5B /* SummaryCardView.swift in Sources */,
				78879E5A7BE2B8C2721395E8 /* Theme.swift in Sources */,
				920A4CDCE15A91C7105AF525 /* TreemapCanvasView.swift in Sources */,
				0F7066083A4CA069EBEFE499 /* UninstallerView.swift in Sources */,
				FB8C8083C6100E2742DDB309 /* UninstallerViewModel.swift in Sources */,
				6ABC1C18339FFC501B35A3AF /* UpdaterView.swift in Sources */,
				74C7BE36C015752F317B82C5 /* UpdaterViewModel.swift in Sources */,
				D8C735AEECD1B5CB23CBA24B /* VolumeStorageInfo.swift in Sources */,
			);
			runOnlyForDeploymentPostprocessing = 0;
		};
		AB80D1051861F62752A8916E /* Sources */ = {
			isa = PBXSourcesBuildPhase;
			buildActionMask = 2147483647;
			files = (
				EFDE7593D4F73BCC2E1BEAF7 /* MenuBarHelperApp.swift in Sources */,
				C525BF54959EB6033641B5C1 /* MenuBarMetricsMonitor.swift in Sources */,
			);
			runOnlyForDeploymentPostprocessing = 0;
		};
		C280B043BCC94C27C878411C /* Sources */ = {
			isa = PBXSourcesBuildPhase;
			buildActionMask = 2147483647;
			files = (
				8CB197C5A6E43082A88B95AE /* HelperOperations.swift in Sources */,
				7812BF7A3831BCCE1307EA7E /* HelperXPCListenerDelegate.swift in Sources */,
				F2F2D9337CA182C9FD55FD7D /* main.swift in Sources */,
			);
			runOnlyForDeploymentPostprocessing = 0;
		};
		DFE9DE70BC28EA3A5DDA5627 /* Sources */ = {
			isa = PBXSourcesBuildPhase;
			buildActionMask = 2147483647;
			files = (
				1D3798F980BB1E4064A8BD92 /* AuroraCareScreenshotTests.swift in Sources */,
			);
			runOnlyForDeploymentPostprocessing = 0;
		};
/* End PBXSourcesBuildPhase section */

/* Begin PBXTargetDependency section */
		00F4A648FA5165ECDCC18104 /* PBXTargetDependency */ = {
			isa = PBXTargetDependency;
			target = 0F44861A6320DC1CC94A51C6 /* MenuBarHelper */;
			targetProxy = C01DE2D8B6FC01A6AE906E61 /* PBXContainerItemProxy */;
		};
		33B4A1AE1EDE0B0F63FD8B9F /* PBXTargetDependency */ = {
			isa = PBXTargetDependency;
			target = 1E8F47B298496F8078E1C1BB /* PrivilegedHelper */;
			targetProxy = 19F8C565045FEFF465001229 /* PBXContainerItemProxy */;
		};
		79CAAECBA8FF717DA80ED8AF /* PBXTargetDependency */ = {
			isa = PBXTargetDependency;
			target = 80C8485EDEE67072AE469396 /* SOSMac */;
			targetProxy = 5FE012B8D398D8E5565D8400 /* PBXContainerItemProxy */;
		};
/* End PBXTargetDependency section */

/* Begin XCBuildConfiguration section */
		062591212FB2EC2D1574C9E8 /* Debug */ = {
			isa = XCBuildConfiguration;
			buildSettings = {
				BUNDLE_LOADER = "$(TEST_HOST)";
				CODE_SIGN_STYLE = Automatic;
				COMBINE_HIDPI_IMAGES = YES;
				GENERATE_INFOPLIST_FILE = YES;
				LD_RUNPATH_SEARCH_PATHS = (
					"$(inherited)",
					"@executable_path/Frameworks",
					"@loader_path/Frameworks",
				);
				PRODUCT_BUNDLE_IDENTIFIER = com.nextlabs.sosmac.uitests;
				SDKROOT = macosx;
				SWIFT_VERSION = 6.0;
				TEST_TARGET_NAME = SOSMac;
			};
			name = Debug;
		};
		11A7D6A6B6FE83DA1E263017 /* Debug */ = {
			isa = XCBuildConfiguration;
			buildSettings = {
				ALWAYS_SEARCH_USER_PATHS = NO;
				CLANG_ANALYZER_NONNULL = YES;
				CLANG_ANALYZER_NUMBER_OBJECT_CONVERSION = YES_AGGRESSIVE;
				CLANG_CXX_LANGUAGE_STANDARD = "gnu++14";
				CLANG_CXX_LIBRARY = "libc++";
				CLANG_ENABLE_MODULES = YES;
				CLANG_ENABLE_OBJC_ARC = YES;
				CLANG_ENABLE_OBJC_WEAK = YES;
				CLANG_WARN_BLOCK_CAPTURE_AUTORELEASING = YES;
				CLANG_WARN_BOOL_CONVERSION = YES;
				CLANG_WARN_COMMA = YES;
				CLANG_WARN_CONSTANT_CONVERSION = YES;
				CLANG_WARN_DEPRECATED_OBJC_IMPLEMENTATIONS = YES;
				CLANG_WARN_DIRECT_OBJC_ISA_USAGE = YES_ERROR;
				CLANG_WARN_DOCUMENTATION_COMMENTS = YES;
				CLANG_WARN_EMPTY_BODY = YES;
				CLANG_WARN_ENUM_CONVERSION = YES;
				CLANG_WARN_INFINITE_RECURSION = YES;
				CLANG_WARN_INT_CONVERSION = YES;
				CLANG_WARN_NON_LITERAL_NULL_CONVERSION = YES;
				CLANG_WARN_OBJC_IMPLICIT_RETAIN_SELF = YES;
				CLANG_WARN_OBJC_LITERAL_CONVERSION = YES;
				CLANG_WARN_OBJC_ROOT_CLASS = YES_ERROR;
				CLANG_WARN_QUOTED_INCLUDE_IN_FRAMEWORK_HEADER = YES;
				CLANG_WARN_RANGE_LOOP_ANALYSIS = YES;
				CLANG_WARN_STRICT_PROTOTYPES = YES;
				CLANG_WARN_SUSPICIOUS_MOVE = YES;
				CLANG_WARN_UNGUARDED_AVAILABILITY = YES_AGGRESSIVE;
				CLANG_WARN_UNREACHABLE_CODE = YES;
				CLANG_WARN__DUPLICATE_METHOD_MATCH = YES;
				COPY_PHASE_STRIP = NO;
				DEBUG_INFORMATION_FORMAT = dwarf;
				ENABLE_STRICT_OBJC_MSGSEND = YES;
				ENABLE_TESTABILITY = YES;
				GCC_C_LANGUAGE_STANDARD = gnu11;
				GCC_DYNAMIC_NO_PIC = NO;
				GCC_NO_COMMON_BLOCKS = YES;
				GCC_OPTIMIZATION_LEVEL = 0;
				GCC_PREPROCESSOR_DEFINITIONS = (
					"$(inherited)",
					"DEBUG=1",
				);
				GCC_WARN_64_TO_32_BIT_CONVERSION = YES;
				GCC_WARN_ABOUT_RETURN_TYPE = YES_ERROR;
				GCC_WARN_UNDECLARED_SELECTOR = YES;
				GCC_WARN_UNINITIALIZED_AUTOS = YES_AGGRESSIVE;
				GCC_WARN_UNUSED_FUNCTION = YES;
				GCC_WARN_UNUSED_VARIABLE = YES;
				MACOSX_DEPLOYMENT_TARGET = 14.0;
				MTL_ENABLE_DEBUG_INFO = INCLUDE_SOURCE;
				MTL_FAST_MATH = YES;
				ONLY_ACTIVE_ARCH = YES;
				PRODUCT_NAME = "$(TARGET_NAME)";
				SDKROOT = macosx;
				SWIFT_ACTIVE_COMPILATION_CONDITIONS = DEBUG;
				SWIFT_OPTIMIZATION_LEVEL = "-Onone";
				SWIFT_VERSION = 5.0;
			};
			name = Debug;
		};
		2555B876C44109E36E57BB4D /* Debug */ = {
			isa = XCBuildConfiguration;
			buildSettings = {
				CODE_SIGN_STYLE = Automatic;
				COMBINE_HIDPI_IMAGES = YES;
				CURRENT_PROJECT_VERSION = 1;
				ENABLE_HARDENED_RUNTIME = YES;
				LD_RUNPATH_SEARCH_PATHS = (
					"$(inherited)",
					"@executable_path/../Frameworks",
				);
				MARKETING_VERSION = 0.1.0;
				PRODUCT_BUNDLE_IDENTIFIER = com.nextlabs.sosmac.privilegedhelper;
				PRODUCT_NAME = com.nextlabs.sosmac.privilegedhelper;
				SDKROOT = macosx;
				SWIFT_STRICT_CONCURRENCY = complete;
				SWIFT_VERSION = 6.0;
			};
			name = Debug;
		};
		3EDFDDB200302644CE6A3613 /* Release */ = {
			isa = XCBuildConfiguration;
			buildSettings = {
				BUNDLE_LOADER = "$(TEST_HOST)";
				CODE_SIGN_STYLE = Automatic;
				COMBINE_HIDPI_IMAGES = YES;
				GENERATE_INFOPLIST_FILE = YES;
				LD_RUNPATH_SEARCH_PATHS = (
					"$(inherited)",
					"@executable_path/Frameworks",
					"@loader_path/Frameworks",
				);
				PRODUCT_BUNDLE_IDENTIFIER = com.nextlabs.sosmac.uitests;
				SDKROOT = macosx;
				SWIFT_VERSION = 6.0;
				TEST_TARGET_NAME = SOSMac;
			};
			name = Release;
		};
		4BD3B715D50CB37CDB334725 /* Release */ = {
			isa = XCBuildConfiguration;
			buildSettings = {
				ALWAYS_SEARCH_USER_PATHS = NO;
				CLANG_ANALYZER_NONNULL = YES;
				CLANG_ANALYZER_NUMBER_OBJECT_CONVERSION = YES_AGGRESSIVE;
				CLANG_CXX_LANGUAGE_STANDARD = "gnu++14";
				CLANG_CXX_LIBRARY = "libc++";
				CLANG_ENABLE_MODULES = YES;
				CLANG_ENABLE_OBJC_ARC = YES;
				CLANG_ENABLE_OBJC_WEAK = YES;
				CLANG_WARN_BLOCK_CAPTURE_AUTORELEASING = YES;
				CLANG_WARN_BOOL_CONVERSION = YES;
				CLANG_WARN_COMMA = YES;
				CLANG_WARN_CONSTANT_CONVERSION = YES;
				CLANG_WARN_DEPRECATED_OBJC_IMPLEMENTATIONS = YES;
				CLANG_WARN_DIRECT_OBJC_ISA_USAGE = YES_ERROR;
				CLANG_WARN_DOCUMENTATION_COMMENTS = YES;
				CLANG_WARN_EMPTY_BODY = YES;
				CLANG_WARN_ENUM_CONVERSION = YES;
				CLANG_WARN_INFINITE_RECURSION = YES;
				CLANG_WARN_INT_CONVERSION = YES;
				CLANG_WARN_NON_LITERAL_NULL_CONVERSION = YES;
				CLANG_WARN_OBJC_IMPLICIT_RETAIN_SELF = YES;
				CLANG_WARN_OBJC_LITERAL_CONVERSION = YES;
				CLANG_WARN_OBJC_ROOT_CLASS = YES_ERROR;
				CLANG_WARN_QUOTED_INCLUDE_IN_FRAMEWORK_HEADER = YES;
				CLANG_WARN_RANGE_LOOP_ANALYSIS = YES;
				CLANG_WARN_STRICT_PROTOTYPES = YES;
				CLANG_WARN_SUSPICIOUS_MOVE = YES;
				CLANG_WARN_UNGUARDED_AVAILABILITY = YES_AGGRESSIVE;
				CLANG_WARN_UNREACHABLE_CODE = YES;
				CLANG_WARN__DUPLICATE_METHOD_MATCH = YES;
				COPY_PHASE_STRIP = NO;
				DEBUG_INFORMATION_FORMAT = "dwarf-with-dsym";
				ENABLE_NS_ASSERTIONS = NO;
				ENABLE_STRICT_OBJC_MSGSEND = YES;
				GCC_C_LANGUAGE_STANDARD = gnu11;
				GCC_NO_COMMON_BLOCKS = YES;
				GCC_WARN_64_TO_32_BIT_CONVERSION = YES;
				GCC_WARN_ABOUT_RETURN_TYPE = YES_ERROR;
				GCC_WARN_UNDECLARED_SELECTOR = YES;
				GCC_WARN_UNINITIALIZED_AUTOS = YES_AGGRESSIVE;
				GCC_WARN_UNUSED_FUNCTION = YES;
				GCC_WARN_UNUSED_VARIABLE = YES;
				MACOSX_DEPLOYMENT_TARGET = 14.0;
				MTL_ENABLE_DEBUG_INFO = NO;
				MTL_FAST_MATH = YES;
				PRODUCT_NAME = "$(TARGET_NAME)";
				SDKROOT = macosx;
				SWIFT_COMPILATION_MODE = wholemodule;
				SWIFT_OPTIMIZATION_LEVEL = "-O";
				SWIFT_VERSION = 5.0;
			};
			name = Release;
		};
		63B55EEBC4CA3EDCDC29EB24 /* Debug */ = {
			isa = XCBuildConfiguration;
			buildSettings = {
				ASSETCATALOG_COMPILER_APPICON_NAME = AppIcon;
				CODE_SIGN_STYLE = Automatic;
				COMBINE_HIDPI_IMAGES = YES;
				CURRENT_PROJECT_VERSION = 1;
				ENABLE_HARDENED_RUNTIME = YES;
				GENERATE_INFOPLIST_FILE = YES;
				INFOPLIST_KEY_LSUIElement = YES;
				INFOPLIST_KEY_NSHumanReadableCopyright = "";
				LD_RUNPATH_SEARCH_PATHS = (
					"$(inherited)",
					"@executable_path/../Frameworks",
				);
				MARKETING_VERSION = 0.1.0;
				PRODUCT_BUNDLE_IDENTIFIER = com.nextlabs.sosmac.menubarhelper;
				SDKROOT = macosx;
				SWIFT_STRICT_CONCURRENCY = complete;
				SWIFT_VERSION = 6.0;
			};
			name = Debug;
		};
		83E830B1F58160E27D8A368D /* Release */ = {
			isa = XCBuildConfiguration;
			buildSettings = {
				CODE_SIGN_STYLE = Automatic;
				COMBINE_HIDPI_IMAGES = YES;
				CURRENT_PROJECT_VERSION = 1;
				ENABLE_HARDENED_RUNTIME = YES;
				LD_RUNPATH_SEARCH_PATHS = (
					"$(inherited)",
					"@executable_path/../Frameworks",
				);
				MARKETING_VERSION = 0.1.0;
				PRODUCT_BUNDLE_IDENTIFIER = com.nextlabs.sosmac.privilegedhelper;
				PRODUCT_NAME = com.nextlabs.sosmac.privilegedhelper;
				SDKROOT = macosx;
				SWIFT_STRICT_CONCURRENCY = complete;
				SWIFT_VERSION = 6.0;
			};
			name = Release;
		};
		8435F0E149C316B13A1F39F9 /* Debug */ = {
			isa = XCBuildConfiguration;
			buildSettings = {
				ASSETCATALOG_COMPILER_APPICON_NAME = AppIcon;
				CODE_SIGN_STYLE = Automatic;
				COMBINE_HIDPI_IMAGES = YES;
				CURRENT_PROJECT_VERSION = 1;
				ENABLE_HARDENED_RUNTIME = YES;
				GENERATE_INFOPLIST_FILE = YES;
				INFOPLIST_KEY_NSHumanReadableCopyright = "";
				LD_RUNPATH_SEARCH_PATHS = (
					"$(inherited)",
					"@executable_path/../Frameworks",
				);
				MARKETING_VERSION = 0.1.0;
				PRODUCT_BUNDLE_IDENTIFIER = com.nextlabs.sosmac;
				SDKROOT = macosx;
				SWIFT_STRICT_CONCURRENCY = complete;
				SWIFT_VERSION = 6.0;
			};
			name = Debug;
		};
		D39A22D7BB2474E9378584BB /* Release */ = {
			isa = XCBuildConfiguration;
			buildSettings = {
				ASSETCATALOG_COMPILER_APPICON_NAME = AppIcon;
				CODE_SIGN_STYLE = Automatic;
				COMBINE_HIDPI_IMAGES = YES;
				CURRENT_PROJECT_VERSION = 1;
				ENABLE_HARDENED_RUNTIME = YES;
				GENERATE_INFOPLIST_FILE = YES;
				INFOPLIST_KEY_LSUIElement = YES;
				INFOPLIST_KEY_NSHumanReadableCopyright = "";
				LD_RUNPATH_SEARCH_PATHS = (
					"$(inherited)",
					"@executable_path/../Frameworks",
				);
				MARKETING_VERSION = 0.1.0;
				PRODUCT_BUNDLE_IDENTIFIER = com.nextlabs.sosmac.menubarhelper;
				SDKROOT = macosx;
				SWIFT_STRICT_CONCURRENCY = complete;
				SWIFT_VERSION = 6.0;
			};
			name = Release;
		};
		E4BE66DC3F832BE8A37AC457 /* Release */ = {
			isa = XCBuildConfiguration;
			buildSettings = {
				ASSETCATALOG_COMPILER_APPICON_NAME = AppIcon;
				CODE_SIGN_STYLE = Automatic;
				COMBINE_HIDPI_IMAGES = YES;
				CURRENT_PROJECT_VERSION = 1;
				ENABLE_HARDENED_RUNTIME = YES;
				GENERATE_INFOPLIST_FILE = YES;
				INFOPLIST_KEY_NSHumanReadableCopyright = "";
				LD_RUNPATH_SEARCH_PATHS = (
					"$(inherited)",
					"@executable_path/../Frameworks",
				);
				MARKETING_VERSION = 0.1.0;
				PRODUCT_BUNDLE_IDENTIFIER = com.nextlabs.sosmac;
				SDKROOT = macosx;
				SWIFT_STRICT_CONCURRENCY = complete;
				SWIFT_VERSION = 6.0;
			};
			name = Release;
		};
/* End XCBuildConfiguration section */

/* Begin XCConfigurationList section */
		46D5731BCCA0FAE906FC870A /* Build configuration list for PBXNativeTarget "SOSMacUITests" */ = {
			isa = XCConfigurationList;
			buildConfigurations = (
				062591212FB2EC2D1574C9E8 /* Debug */,
				3EDFDDB200302644CE6A3613 /* Release */,
			);
			defaultConfigurationIsVisible = 0;
			defaultConfigurationName = Debug;
		};
		7204ECF185D832CD34AA5F6F /* Build configuration list for PBXProject "SOSMac" */ = {
			isa = XCConfigurationList;
			buildConfigurations = (
				11A7D6A6B6FE83DA1E263017 /* Debug */,
				4BD3B715D50CB37CDB334725 /* Release */,
			);
			defaultConfigurationIsVisible = 0;
			defaultConfigurationName = Debug;
		};
		95ECA58646F994FD067855E9 /* Build configuration list for PBXNativeTarget "MenuBarHelper" */ = {
			isa = XCConfigurationList;
			buildConfigurations = (
				63B55EEBC4CA3EDCDC29EB24 /* Debug */,
				D39A22D7BB2474E9378584BB /* Release */,
			);
			defaultConfigurationIsVisible = 0;
			defaultConfigurationName = Debug;
		};
		E0B129E04E0EBECE53F1A5CA /* Build configuration list for PBXNativeTarget "PrivilegedHelper" */ = {
			isa = XCConfigurationList;
			buildConfigurations = (
				2555B876C44109E36E57BB4D /* Debug */,
				83E830B1F58160E27D8A368D /* Release */,
			);
			defaultConfigurationIsVisible = 0;
			defaultConfigurationName = Debug;
		};
		FA6CE02A7FF097ED56E043C7 /* Build configuration list for PBXNativeTarget "SOSMac" */ = {
			isa = XCConfigurationList;
			buildConfigurations = (
				8435F0E149C316B13A1F39F9 /* Debug */,
				E4BE66DC3F832BE8A37AC457 /* Release */,
			);
			defaultConfigurationIsVisible = 0;
			defaultConfigurationName = Debug;
		};
/* End XCConfigurationList section */

/* Begin XCLocalSwiftPackageReference section */
		20E33CFF0AC2C89FB3143BCD /* XCLocalSwiftPackageReference "Packages/CleanCore" */ = {
			isa = XCLocalSwiftPackageReference;
			relativePath = Packages/CleanCore;
		};
		6CA7B90501C92CBD17BA0BC5 /* XCLocalSwiftPackageReference "Packages/TreemapKit" */ = {
			isa = XCLocalSwiftPackageReference;
			relativePath = Packages/TreemapKit;
		};
/* End XCLocalSwiftPackageReference section */

/* Begin XCSwiftPackageProductDependency section */
		35EB24D1CC05056D12B5D6DD /* TreemapKit */ = {
			isa = XCSwiftPackageProductDependency;
			productName = TreemapKit;
		};
		89061E0DFCA37E66808CEF57 /* CleanCore */ = {
			isa = XCSwiftPackageProductDependency;
			productName = CleanCore;
		};
		B0AE3ED04E1697D2D60C38DF /* CleanCore */ = {
			isa = XCSwiftPackageProductDependency;
			productName = CleanCore;
		};
		D75AB0EE0491BD829154298F /* CleanCore */ = {
			isa = XCSwiftPackageProductDependency;
			productName = CleanCore;
		};
/* End XCSwiftPackageProductDependency section */
	};
	rootObject = 1AE0FE96F145338D24088645 /* Project object */;
}
